PODS:
  - Alamofire (5.4.3)
  - ProgressHUD (13.6)

DEPENDENCIES:
  - Alamofire (~> 5.0)
  - ProgressHUD

SPEC REPOS:
  trunk:
    - Alamofire
    - ProgressHUD

SPEC CHECKSUMS:
  Alamofire: e447a2774a40c996748296fa2c55112fdbbc42f9
  ProgressHUD: 4bdaa0d2ddf676b23324b199f9facffb5c3a1620

PODFILE CHECKSUM: 67e00523d4dfeb6324c6f41b3664eac0f2e9ba0f

COCOAPODS: 1.11.0
